
Microsoft Visual Studio Solution File, Format Version 12.00
# Visual Studio 15
VisualStudioVersion = 15.0.27703.2035
MinimumVisualStudioVersion = 10.0.40219.1
Project("{FAE04EC0-301F-11D3-BF4B-00C04F79EFBC}") = "LinkedList", "LinkedList\LinkedList.csproj", "{628A4632-46D3-489D-834E-3C0811F1B9B9}"
EndProject
Global
	GlobalSection(SolutionConfigurationPlatforms) = preSolution
		Debug|Any CPU = Debug|Any CPU
		Release|Any CPU = Release|Any CPU
	EndGlobalSection
	GlobalSection(ProjectConfigurationPlatforms) = postSolution
		{628A4632-46D3-489D-834E-3C0811F1B9B9}.Debug|Any CPU.ActiveCfg = Debug|Any CPU
		{628A4632-46D3-489D-834E-3C0811F1B9B9}.Debug|Any CPU.Build.0 = Debug|Any CPU
		{628A4632-46D3-489D-834E-3C0811F1B9B9}.Release|Any CPU.ActiveCfg = Release|Any CPU
		{628A4632-46D3-489D-834E-3C0811F1B9B9}.Release|Any CPU.Build.0 = Release|Any CPU
	EndGlobalSection
	GlobalSection(SolutionProperties) = preSolution
		HideSolutionNode = FALSE
	EndGlobalSection
	GlobalSection(ExtensibilityGlobals) = postSolution
		SolutionGuid = {C9E69476-2C84-472B-8CAC-4B26F80161B1}
	EndGlobalSection
EndGlobal
